// !$*UTF8*$!
{
	archiveVersion = 1;
	classes = {
	};
	objectVersion = 46;
	objects = {

/* Begin PBXBuildFile section */
		F0ACD10E1CE687E7006AD640 /* AppDelegate.swift in Sources */ = {isa = PBXBuildFile; fileRef = F0ACD10D1CE687E7006AD640 /* AppDelegate.swift */; };
		F0ACD1101CE687E7006AD640 /* ViewController.swift in Sources */ = {isa = PBXBuildFile; fileRef = F0ACD10F1CE687E7006AD640 /* ViewController.swift */; };
		F0ACD1131CE687E7006AD640 /* Main.storyboard in Resources */ = {isa = PBXBuildFile; fileRef = F0ACD1111CE687E7006AD640 /* Main.storyboard */; };
		F0ACD1151CE687E7006AD640 /* Assets.xcassets in Resources */ = {isa = PBXBuildFile; fileRef = F0ACD1141CE687E7006AD640 /* Assets.xcassets */; };
		F0ACD1181CE687E7006AD640 /* LaunchScreen.storyboard in Resources */ = {isa = PBXBuildFile; fileRef = F0ACD1161CE687E7006AD640 /* LaunchScreen.storyboard */; };
		F0ACD1231CE687E7006AD640 /* FoodTrackerBetaTests.swift in Sources */ = {isa = PBXBuildFile; fileRef = F0ACD1221CE687E7006AD640 /* FoodTrackerBetaTests.swift */; };
/* End PBXBuildFile section */

/* Begin PBXContainerItemProxy section */
		F0ACD11F1CE687E7006AD640 /* PBXContainerItemProxy */ = {
			isa = PBXContainerItemProxy;
			containerPortal = F0ACD1021CE687E7006AD640 /* Project object */;
			proxyType = 1;
			remoteGlobalIDString = F0ACD1091CE687E7006AD640;
			remoteInfo = FoodTrackerBeta;
		};
/* End PBXContainerItemProxy section */

/* Begin PBXFileReference section */
		F0ACD10A1CE687E7006AD640 /* FoodTrackerBeta.app */ = {isa = PBXFileReference; explicitFileType = wrapper.application; includeInIndex = 0; path = FoodTrackerBeta.app; sourceTree = BUILT_PRODUCTS_DIR; };
		F0ACD10D1CE687E7006AD640 /* AppDelegate.swift */ = {isa = PBXFileReference; lastKnownFileType = sourcecode.swift; path = AppDelegate.swift; sourceTree = "<group>"; };
		F0ACD10F1CE687E7006AD640 /* ViewController.swift */ = {isa = PBXFileReference; lastKnownFileType = sourcecode.swift; path = ViewController.swift; sourceTree = "<group>"; };
		F0ACD1121CE687E7006AD640 /* Base */ = {isa = PBXFileReference; lastKnownFileType = file.storyboard; name = Base; path = Base.lproj/Main.storyboard; sourceTree = "<group>"; };
		F0ACD1141CE687E7006AD640 /* Assets.xcassets */ = {isa = PBXFileReference; lastKnownFileType = folder.assetcatalog; path = Assets.xcassets; sourceTree = "<group>"; };
		F0ACD1171CE687E7006AD640 /* Base */ = {isa = PBXFileReference; lastKnownFileType = file.storyboard; name = Base; path = Base.lproj/LaunchScreen.storyboard; sourceTree = "<group>"; };
		F0ACD1191CE687E7006AD640 /* Info.plist */ = {isa = PBXFileReference; lastKnownFileType = text.plist.xml; path = Info.plist; sourceTree = "<group>"; };
		F0ACD11E1CE687E7006AD640 /* FoodTrackerBetaTests.xctest */ = {isa = PBXFileReference; explicitFileType = wrapper.cfbundle; includeInIndex = 0; path = FoodTrackerBetaTests.xctest; sourceTree = BUILT_PRODUCTS_DIR; };
		F0ACD1221CE687E7006AD640 /* FoodTrackerBetaTests.swift */ = {isa = PBXFileReference; lastKnownFileType = sourcecode.swift; path = FoodTrackerBetaTests.swift; sourceTree = "<group>"; };
		F0ACD1241CE687E7006AD640 /* Info.plist */ = {isa = PBXFileReference; lastKnownFileType = text.plist.xml; path = Info.plist; sourceTree = "<group>"; };
/* End PBXFileReference section */

/* Begin PBXFrameworksBuildPhase section */
		F0ACD1071CE687E7006AD640 /* Frameworks */ = {
			isa = PBXFrameworksBuildPhase;
			buildActionMask = 2147483647;
			files = (
			);
			runOnlyForDeploymentPostprocessing = 0;
		};
		F0ACD11B1CE687E7006AD640 /* Frameworks */ = {
			isa = PBXFrameworksBuildPhase;
			buildActionMask = 2147483647;
			files = (
			);
			runOnlyForDeploymentPostprocessing = 0;
		};
/* End PBXFrameworksBuildPhase section */

/* Begin PBXGroup section */
		F0ACD1011CE687E7006AD640 = {
			isa = PBXGroup;
			children = (
				F0ACD10C1CE687E7006AD640 /* FoodTrackerBeta */,
				F0ACD1211CE687E7006AD640 /* FoodTrackerBetaTests */,
				F0ACD10B1CE687E7006AD640 /* Products */,
			);
			sourceTree = "<group>";
		};
		F0ACD10B1CE687E7006AD640 /* Products */ = {
			isa = PBXGroup;
			children = (
				F0ACD10A1CE687E7006AD640 /* FoodTrackerBeta.app */,
				F0ACD11E1CE687E7006AD640 /* FoodTrackerBetaTests.xctest */,
			);
			name = Products;
			sourceTree = "<group>";
		};
		F0ACD10C1CE687E7006AD640 /* FoodTrackerBeta */ = {
			isa = PBXGroup;
			children = (
				F0ACD10D1CE687E7006AD640 /* AppDelegate.swift */,
				F0ACD10F1CE687E7006AD640 /* ViewController.swift */,
				F0ACD1111CE687E7006AD640 /* Main.storyboard */,
				F0ACD1141CE687E7006AD640 /* Assets.xcassets */,
				F0ACD1161CE687E7006AD640 /* LaunchScreen.storyboard */,
				F0ACD1191CE687E7006AD640 /* Info.plist */,
			);
			path = FoodTrackerBeta;
			sourceTree = "<group>";
		};
		F0ACD1211CE687E7006AD640 /* FoodTrackerBetaTests */ = {
			isa = PBXGroup;
			children = (
				F0ACD1221CE687E7006AD640 /* FoodTrackerBetaTests.swift */,
				F0ACD1241CE687E7006AD640 /* Info.plist */,
			);
			path = FoodTrackerBetaTests;
			sourceTree = "<group>";
		};
/* End PBXGroup section */

/* Begin PBXNativeTarget section */
		F0ACD1091CE687E7006AD640 /* FoodTrackerBeta */ = {
			isa = PBXNativeTarget;
			buildConfigurationList = F0ACD1271CE687E7006AD640 /* Build configuration list for PBXNativeTarget "FoodTrackerBeta" */;
			buildPhases = (
				F0ACD1061CE687E7006AD640 /* Sources */,
				F0ACD1071CE687E7006AD640 /* Frameworks */,
				F0ACD1081CE687E7006AD640 /* Resources */,
			);
			buildRules = (
			);
			dependencies = (
			);
			name = FoodTrackerBeta;
			productName = FoodTrackerBeta;
			productReference = F0ACD10A1CE687E7006AD640 /* FoodTrackerBeta.app */;
			productType = "com.apple.product-type.application";
		};
		F0ACD11D1CE687E7006AD640 /* FoodTrackerBetaTests */ = {
			isa = PBXNativeTarget;
			buildConfigurationList = F0ACD12A1CE687E7006AD640 /* Build configuration list for PBXNativeTarget "FoodTrackerBetaTests" */;
			buildPhases = (
				F0ACD11A1CE687E7006AD640 /* Sources */,
				F0ACD11B1CE687E7006AD640 /* Frameworks */,
				F0ACD11C1CE687E7006AD640 /* Resources */,
			);
			buildRules = (
			);
			dependencies = (
				F0ACD1201CE687E7006AD640 /* PBXTargetDependency */,
			);
			name = FoodTrackerBetaTests;
			productName = FoodTrackerBetaTests;
			productReference = F0ACD11E1CE687E7006AD640 /* FoodTrackerBetaTests.xctest */;
			productType = "com.apple.product-type.bundle.unit-test";
		};
/* End PBXNativeTarget section */

/* Begin PBXProject section */
		F0ACD1021CE687E7006AD640 /* Project object */ = {
			isa = PBXProject;
			attributes = {
				LastSwiftUpdateCheck = 0730;
				LastUpgradeCheck = 0730;
				ORGANIZATIONNAME = "Ankit Yadav";
				TargetAttributes = {
					F0ACD1091CE687E7006AD640 = {
						CreatedOnToolsVersion = 7.3.1;
						DevelopmentTeam = AH79AW9XBA;
					};
					F0ACD11D1CE687E7006AD640 = {
						CreatedOnToolsVersion = 7.3.1;
						DevelopmentTeam = AH79AW9XBA;
						TestTargetID = F0ACD1091CE687E7006AD640;
					};
				};
			};
			buildConfigurationList = F0ACD1051CE687E7006AD640 /* Build configuration list for PBXProject "FoodTrackerBeta" */;
			compatibilityVersion = "Xcode 3.2";
			developmentRegion = English;
			hasScannedForEncodings = 0;
			knownRegions = (
				en,
				Base,
			);
			mainGroup = F0ACD1011CE687E7006AD640;
			productRefGroup = F0ACD10B1CE687E7006AD640 /* Products */;
			projectDirPath = "";
			projectRoot = "";
			targets = (
				F0ACD1091CE687E7006AD640 /* FoodTrackerBeta */,
				F0ACD11D1CE687E7006AD640 /* FoodTrackerBetaTests */,
			);
		};
/* End PBXProject section */

/* Begin PBXResourcesBuildPhase section */
		F0ACD1081CE687E7006AD640 /* Resources */ = {
			isa = PBXResourcesBuildPhase;
			buildActionMask = 2147483647;
			files = (
				F0ACD1181CE687E7006AD640 /* LaunchScreen.storyboard in Resources */,
				F0ACD1151CE687E7006AD640 /* Assets.xcassets in Resources */,
				F0ACD1131CE687E7006AD640 /* Main.storyboard in Resources */,
			);
			runOnlyForDeploymentPostprocessing = 0;
		};
		F0ACD11C1CE687E7006AD640 /* Resources */ = {
			isa = PBXResourcesBuildPhase;
			buildActionMask = 2147483647;
			files = (
			);
			runOnlyForDeploymentPostprocessing = 0;
		};
/* End PBXResourcesBuildPhase section */

/* Begin PBXSourcesBuildPhase section */
		F0ACD1061CE687E7006AD640 /* Sources */ = {
			isa = PBXSourcesBuildPhase;
			buildActionMask = 2147483647;
			files = (
				F0ACD1101CE687E7006AD640 /* ViewController.swift in Sources */,
				F0ACD10E1CE687E7006AD640 /* AppDelegate.swift in Sources */,
			);
			runOnlyForDeploymentPostprocessing = 0;
		};
		F0ACD11A1CE687E7006AD640 /* Sources */ = {
			isa = PBXSourcesBuildPhase;
			buildActionMask = 2147483647;
			files = (
				F0ACD1231CE687E7006AD640 /* FoodTrackerBetaTests.swift in Sources */,
			);
			runOnlyForDeploymentPostprocessing = 0;
		};
/* End PBXSourcesBuildPhase section */

/* Begin PBXTargetDependency section */
		F0ACD1201CE687E7006AD640 /* PBXTargetDependency */ = {
			isa = PBXTargetDependency;
			target = F0ACD1091CE687E7006AD640 /* FoodTrackerBeta */;
			targetProxy = F0ACD11F1CE687E7006AD640 /* PBXContainerItemProxy */;
		};
/* End PBXTargetDependency section */

/* Begin PBXVariantGroup section */
		F0ACD1111CE687E7006AD640 /* Main.storyboard */ = {
			isa = PBXVariantGroup;
			children = (
				F0ACD1121CE687E7006AD640 /* Base */,
			);
			name = Main.storyboard;
			sourceTree = "<group>";
		};
		F0ACD1161CE687E7006AD640 /* LaunchScreen.storyboard */ = {
			isa = PBXVariantGroup;
			children = (
				F0ACD1171CE687E7006AD640 /* Base */,
			);
			name = LaunchScreen.storyboard;
			sourceTree = "<group>";
		};
/* End PBXVariantGroup section */

/* Begin XCBuildConfiguration section */
		F0ACD1251CE687E7006AD640 /* Debug */ = {
			isa = XCBuildConfiguration;
			buildSettings = {
				ALWAYS_SEARCH_USER_PATHS = NO;
				CLANG_ANALYZER_NONNULL = YES;
				CLANG_CXX_LANGUAGE_STANDARD = "gnu++0x";
				CLANG_CXX_LIBRARY = "libc++";
				CLANG_ENABLE_MODULES = YES;
				CLANG_ENABLE_OBJC_ARC = YES;
				CLANG_WARN_BOOL_CONVERSION = YES;
				CLANG_WARN_CONSTANT_CONVERSION = YES;
				CLANG_WARN_DIRECT_OBJC_ISA_USAGE = YES_ERROR;
				CLANG_WARN_EMPTY_BODY = YES;
				CLANG_WARN_ENUM_CONVERSION = YES;
				CLANG_WARN_INT_CONVERSION = YES;
				CLANG_WARN_OBJC_ROOT_CLASS = YES_ERROR;
				CLANG_WARN_UNREACHABLE_CODE = YES;
				CLANG_WARN__DUPLICATE_METHOD_MATCH = YES;
				"CODE_SIGN_IDENTITY[sdk=iphoneos*]" = "iPhone Developer";
				COPY_PHASE_STRIP = NO;
				DEBUG_INFORMATION_FORMAT = dwarf;
				ENABLE_STRICT_OBJC_MSGSEND = YES;
				ENABLE_TESTABILITY = YES;
				GCC_C_LANGUAGE_STANDARD = gnu99;
				GCC_DYNAMIC_NO_PIC = NO;
				GCC_NO_COMMON_BLOCKS = YES;
				GCC_OPTIMIZATION_LEVEL = 0;
				GCC_PREPROCESSOR_DEFINITIONS = (
					"DEBUG=1",
					"$(inherited)",
				);
				GCC_WARN_64_TO_32_BIT_CONVERSION = YES;
				GCC_WARN_ABOUT_RETURN_TYPE = YES_ERROR;
				GCC_WARN_UNDECLARED_SELECTOR = YES;
				GCC_WARN_UNINITIALIZED_AUTOS = YES_AGGRESSIVE;
				GCC_WARN_UNUSED_FUNCTION = YES;
				GCC_WARN_UNUSED_VARIABLE = YES;
				IPHONEOS_DEPLOYMENT_TARGET = 9.3;
				MTL_ENABLE_DEBUG_INFO = YES;
				ONLY_ACTIVE_ARCH = YES;
				SDKROOT = iphoneos;
				SWIFT_OPTIMIZATION_LEVEL = "-Onone";
				TARGETED_DEVICE_FAMILY = "1,2";
			};
			name = Debug;
		};
		F0ACD1261CE687E7006AD640 /* Release */ = {
			isa = XCBuildConfiguration;
			buildSettings = {
				ALWAYS_SEARCH_USER_PATHS = NO;
				CLANG_ANALYZER_NONNULL = YES;
				CLANG_CXX_LANGUAGE_STANDARD = "gnu++0x";
				CLANG_CXX_LIBRARY = "libc++";
				CLANG_ENABLE_MODULES = YES;
				CLANG_ENABLE_OBJC_ARC = YES;
				CLANG_WARN_BOOL_CONVERSION = YES;
				CLANG_WARN_CONSTANT_CONVERSION = YES;
				CLANG_WARN_DIRECT_OBJC_ISA_USAGE = YES_ERROR;
				CLANG_WARN_EMPTY_BODY = YES;
				CLANG_WARN_ENUM_CONVERSION = YES;
				CLANG_WARN_INT_CONVERSION = YES;
				CLANG_WARN_OBJC_ROOT_CLASS = YES_ERROR;
				CLANG_WARN_UNREACHABLE_CODE = YES;
				CLANG_WARN__DUPLICATE_METHOD_MATCH = YES;
				"CODE_SIGN_IDENTITY[sdk=iphoneos*]" = "iPhone Developer";
				COPY_PHASE_STRIP = NO;
				DEBUG_INFORMATION_FORMAT = "dwarf-with-dsym";
				ENABLE_NS_ASSERTIONS = NO;
				ENABLE_STRICT_OBJC_MSGSEND = YES;
				GCC_C_LANGUAGE_STANDARD = gnu99;
				GCC_NO_COMMON_BLOCKS = YES;
				GCC_WARN_64_TO_32_BIT_CONVERSION = YES;
				GCC_WARN_ABOUT_RETURN_TYPE = YES_ERROR;
				GCC_WARN_UNDECLARED_SELECTOR = YES;
				GCC_WARN_UNINITIALIZED_AUTOS = YES_AGGRESSIVE;
				GCC_WARN_UNUSED_FUNCTION = YES;
				GCC_WARN_UNUSED_VARIABLE = YES;
				IPHONEOS_DEPLOYMENT_TARGET = 9.3;
				MTL_ENABLE_DEBUG_INFO = NO;
				SDKROOT = iphoneos;
				TARGETED_DEVICE_FAMILY = "1,2";
				VALIDATE_PRODUCT = YES;
			};
			name = Release;
		};
		F0ACD1281CE687E7006AD640 /* Debug */ = {
			isa = XCBuildConfiguration;
			buildSettings = {
				ASSETCATALOG_COMPILER_APPICON_NAME = AppIcon;
				INFOPLIST_FILE = FoodTrackerBeta/Info.plist;
				LD_RUNPATH_SEARCH_PATHS = "$(inherited) @executable_path/Frameworks";
				PRODUCT_BUNDLE_IDENTIFIER = Student.FoodTrackerBeta;
				PRODUCT_NAME = "$(TARGET_NAME)";
			};
			name = Debug;
		};
		F0ACD1291CE687E7006AD640 /* Release */ = {
			isa = XCBuildConfiguration;
			buildSettings = {
				ASSETCATALOG_COMPILER_APPICON_NAME = AppIcon;
				INFOPLIST_FILE = FoodTrackerBeta/Info.plist;
				LD_RUNPATH_SEARCH_PATHS = "$(inherited) @executable_path/Frameworks";
				PRODUCT_BUNDLE_IDENTIFIER = Student.FoodTrackerBeta;
				PRODUCT_NAME = "$(TARGET_NAME)";
			};
			name = Release;
		};
		F0ACD12B1CE687E7006AD640 /* Debug */ = {
			isa = XCBuildConfiguration;
			buildSettings = {
				BUNDLE_LOADER = "$(TEST_HOST)";
				INFOPLIST_FILE = FoodTrackerBetaTests/Info.plist;
				LD_RUNPATH_SEARCH_PATHS = "$(inherited) @executable_path/Frameworks @loader_path/Frameworks";
				PRODUCT_BUNDLE_IDENTIFIER = Student.FoodTrackerBetaTests;
				PRODUCT_NAME = "$(TARGET_NAME)";
				TEST_HOST = "$(BUILT_PRODUCTS_DIR)/FoodTrackerBeta.app/FoodTrackerBeta";
			};
			name = Debug;
		};
		F0ACD12C1CE687E7006AD640 /* Release */ = {
			isa = XCBuildConfiguration;
			buildSettings = {
				BUNDLE_LOADER = "$(TEST_HOST)";
				INFOPLIST_FILE = FoodTrackerBetaTests/Info.plist;
				LD_RUNPATH_SEARCH_PATHS = "$(inherited) @executable_path/Frameworks @loader_path/Frameworks";
				PRODUCT_BUNDLE_IDENTIFIER = Student.FoodTrackerBetaTests;
				PRODUCT_NAME = "$(TARGET_NAME)";
				TEST_HOST = "$(BUILT_PRODUCTS_DIR)/FoodTrackerBeta.app/FoodTrackerBeta";
			};
			name = Release;
		};
/* End XCBuildConfiguration section */

/* Begin XCConfigurationList section */
		F0ACD1051CE687E7006AD640 /* Build configuration list for PBXProject "FoodTrackerBeta" */ = {
			isa = XCConfigurationList;
			buildConfigurations = (
				F0ACD1251CE687E7006AD640 /* Debug */,
				F0ACD1261CE687E7006AD640 /* Release */,
			);
			defaultConfigurationIsVisible = 0;
			defaultConfigurationName = Release;
		};
		F0ACD1271CE687E7006AD640 /* Build configuration list for PBXNativeTarget "FoodTrackerBeta" */ = {
			isa = XCConfigurationList;
			buildConfigurations = (
				F0ACD1281CE687E7006AD640 /* Debug */,
				F0ACD1291CE687E7006AD640 /* Release */,
			);
			defaultConfigurationIsVisible = 0;
		};
		F0ACD12A1CE687E7006AD640 /* Build configuration list for PBXNativeTarget "FoodTrackerBetaTests" */ = {
			isa = XCConfigurationList;
			buildConfigurations = (
				F0ACD12B1CE687E7006AD640 /* Debug */,
				F0ACD12C1CE687E7006AD640 /* Release */,
			);
			defaultConfigurationIsVisible = 0;
		};
/* End XCConfigurationList section */
	};
	rootObject = F0ACD1021CE687E7006AD640 /* Project object */;
}
